
Microsoft Visual Studio Solution File, Format Version 12.00
# Visual Studio Version 17
VisualStudioVersion = 17.9.34407.89
MinimumVisualStudioVersion = 10.0.40219.1
Project("{9A19103F-16F7-4668-BE54-9A1E7A4F7556}") = "ADroneSimulator", "ADroneSimulator\ADroneSimulator.csproj", "{5E34782F-1322-4541-99D0-34EC902B784C}"
EndProject
Global
	GlobalSection(SolutionConfigurationPlatforms) = preSolution
		Debug|Any CPU = Debug|Any CPU
		Release|Any CPU = Release|Any CPU
	EndGlobalSection
	GlobalSection(ProjectConfigurationPlatforms) = postSolution
		{5E34782F-1322-4541-99D0-34EC902B784C}.Debug|Any CPU.ActiveCfg = Debug|Any CPU
		{5E34782F-1322-4541-99D0-34EC902B784C}.Debug|Any CPU.Build.0 = Debug|Any CPU
		{5E34782F-1322-4541-99D0-34EC902B784C}.Release|Any CPU.ActiveCfg = Release|Any CPU
		{5E34782F-1322-4541-99D0-34EC902B784C}.Release|Any CPU.Build.0 = Release|Any CPU
	EndGlobalSection
	GlobalSection(SolutionProperties) = preSolution
		HideSolutionNode = FALSE
	EndGlobalSection
	GlobalSection(ExtensibilityGlobals) = postSolution
		SolutionGuid = {646132EA-AE8A-4F03-B97E-AE2CA49FB672}
	EndGlobalSection
EndGlobal
